
Microsoft Visual Studio Solution File, Format Version 12.00
# Visual Studio 15
VisualStudioVersion = 15.0.28010.2041
MinimumVisualStudioVersion = 10.0.40219.1
Project("{FAE04EC0-301F-11D3-BF4B-00C04F79EFBC}") = "GGAuthe", "GGAuthe\GGAuthe.csproj", "{54C53D8D-3CAE-4655-9A38-040B5549E661}"
EndProject
Global
	GlobalSection(SolutionConfigurationPlatforms) = preSolution
		Debug|Any CPU = Debug|Any CPU
		Release|Any CPU = Release|Any CPU
	EndGlobalSection
	GlobalSection(ProjectConfigurationPlatforms) = postSolution
		{54C53D8D-3CAE-4655-9A38-040B5549E661}.Debug|Any CPU.ActiveCfg = Debug|Any CPU
		{54C53D8D-3CAE-4655-9A38-040B5549E661}.Debug|Any CPU.Build.0 = Debug|Any CPU
		{54C53D8D-3CAE-4655-9A38-040B5549E661}.Release|Any CPU.ActiveCfg = Release|Any CPU
		{54C53D8D-3CAE-4655-9A38-040B5549E661}.Release|Any CPU.Build.0 = Release|Any CPU
	EndGlobalSection
	GlobalSection(SolutionProperties) = preSolution
		HideSolutionNode = FALSE
	EndGlobalSection
	GlobalSection(ExtensibilityGlobals) = postSolution
		SolutionGuid = {8DE71B1D-C220-44BA-ACF3-0B98AF64283C}
	EndGlobalSection
EndGlobal
